{
    "version": 3,
    "terraform_version": "0.11.10",
    "serial": 30,
    "lineage": "a508308e-7491-b041-402b-83bbd1d25d47",
    "modules": [
        {
            "path": [
                "root"
            ],
            "outputs": {},
            "resources": {
                "packet_device.cnfs": {
                    "type": "packet_device",
                    "depends_on": [],
                    "primary": {
                        "id": "9c2732d0-7852-4daf-91c9-f1fff2ff3673",
                        "attributes": {
                            "access_private_ipv4": "10.88.179.9",
                            "access_public_ipv4": "147.75.91.9",
                            "access_public_ipv6": "2604:1380:1001:4800::9",
                            "always_pxe": "false",
                            "billing_cycle": "hourly",
                            "created": "2018-11-07T02:44:40Z",
                            "facility": "sjc1",
                            "hostname": "os-host1",
                            "id": "9c2732d0-7852-4daf-91c9-f1fff2ff3673",
                            "ipxe_script_url": "",
                            "locked": "false",
                            "network.#": "3",
                            "network.0.address": "147.75.91.9",
                            "network.0.cidr": "31",
                            "network.0.family": "4",
                            "network.0.gateway": "147.75.91.8",
                            "network.0.public": "true",
                            "network.1.address": "2604:1380:1001:4800::9",
                            "network.1.cidr": "127",
                            "network.1.family": "6",
                            "network.1.gateway": "2604:1380:1001:4800::8",
                            "network.1.public": "true",
                            "network.2.address": "10.88.179.9",
                            "network.2.cidr": "31",
                            "network.2.family": "4",
                            "network.2.gateway": "10.88.179.8",
                            "network.2.public": "false",
                            "operating_system": "centos_7",
                            "plan": "c1.small.x86",
                            "project_id": "1e31983a-4a72-44b6-89e4-c12989472856",
                            "public_ipv4_subnet_size": "31",
                            "root_password": "(1V.e75y:i",
                            "state": "active",
                            "storage": "",
                            "tags.#": "0",
                            "updated": "2018-11-07T02:45:22Z"
                        },
                        "meta": {},
                        "tainted": true
                    },
                    "deposed": [],
                    "provider": "provider.packet"
                }
            },
            "depends_on": []
        }
    ]
}
