{
    "version": 3,
    "terraform_version": "0.11.10",
    "serial": 29,
    "lineage": "a508308e-7491-b041-402b-83bbd1d25d47",
    "modules": [
        {
            "path": [
                "root"
            ],
            "outputs": {},
            "resources": {
                "packet_device.cnfs": {
                    "type": "packet_device",
                    "depends_on": [],
                    "primary": {
                        "id": "17adc026-0583-4d2c-b3b3-c7a78ec39457",
                        "attributes": {
                            "access_private_ipv4": "10.88.39.139",
                            "access_public_ipv4": "147.75.201.31",
                            "access_public_ipv6": "2604:1380:1000:5200::b",
                            "always_pxe": "false",
                            "billing_cycle": "hourly",
                            "created": "2018-11-05T05:38:52Z",
                            "facility": "sjc1",
                            "hostname": "os-host1",
                            "id": "17adc026-0583-4d2c-b3b3-c7a78ec39457",
                            "ipxe_script_url": "",
                            "locked": "false",
                            "network.#": "3",
                            "network.0.address": "147.75.201.31",
                            "network.0.cidr": "31",
                            "network.0.family": "4",
                            "network.0.gateway": "147.75.201.30",
                            "network.0.public": "true",
                            "network.1.address": "2604:1380:1000:5200::b",
                            "network.1.cidr": "127",
                            "network.1.family": "6",
                            "network.1.gateway": "2604:1380:1000:5200::a",
                            "network.1.public": "true",
                            "network.2.address": "10.88.39.139",
                            "network.2.cidr": "31",
                            "network.2.family": "4",
                            "network.2.gateway": "10.88.39.138",
                            "network.2.public": "false",
                            "operating_system": "centos_7",
                            "plan": "c1.small.x86",
                            "project_id": "f03536f9-b8a8-435e-b8b7-146cf1b8323e",
                            "public_ipv4_subnet_size": "31",
                            "root_password": "24A(WwSv0\u003e",
                            "state": "active",
                            "storage": "",
                            "tags.#": "0",
                            "updated": "2018-11-05T05:39:33Z"
                        },
                        "meta": {},
                        "tainted": false
                    },
                    "deposed": [],
                    "provider": "provider.packet"
                }
            },
            "depends_on": []
        }
    ]
}
